
Microsoft Visual Studio Solution File, Format Version 12.00
# Visual Studio Version 16
VisualStudioVersion = 16.0.30320.27
MinimumVisualStudioVersion = 10.0.40219.1
Project("{FAE04EC0-301F-11D3-BF4B-00C04F79EFBC}") = "Task_1", "Task_1\Task_1.csproj", "{48C91007-BF6E-4AA7-9EDC-227DE4F94B72}"
EndProject
Global
	GlobalSection(SolutionConfigurationPlatforms) = preSolution
		Debug|Any CPU = Debug|Any CPU
		Release|Any CPU = Release|Any CPU
	EndGlobalSection
	GlobalSection(ProjectConfigurationPlatforms) = postSolution
		{48C91007-BF6E-4AA7-9EDC-227DE4F94B72}.Debug|Any CPU.ActiveCfg = Debug|Any CPU
		{48C91007-BF6E-4AA7-9EDC-227DE4F94B72}.Debug|Any CPU.Build.0 = Debug|Any CPU
		{48C91007-BF6E-4AA7-9EDC-227DE4F94B72}.Release|Any CPU.ActiveCfg = Release|Any CPU
		{48C91007-BF6E-4AA7-9EDC-227DE4F94B72}.Release|Any CPU.Build.0 = Release|Any CPU
	EndGlobalSection
	GlobalSection(SolutionProperties) = preSolution
		HideSolutionNode = FALSE
	EndGlobalSection
	GlobalSection(ExtensibilityGlobals) = postSolution
		SolutionGuid = {A48A8398-3DEC-4493-8276-51CFF9CC5864}
	EndGlobalSection
EndGlobal
